// !$*UTF8*$!
{
	archiveVersion = 1;
	classes = {
	};
	objectVersion = 50;
	objects = {

/* Begin PBXBuildFile section */
		CC0B4AA023D9E2EF00C55B18 /* AppDelegate.swift in Sources */ = {isa = PBXBuildFile; fileRef = CC0B4A9F23D9E2EF00C55B18 /* AppDelegate.swift */; };
		CC0B4AA223D9E2EF00C55B18 /* SceneDelegate.swift in Sources */ = {isa = PBXBuildFile; fileRef = CC0B4AA123D9E2EF00C55B18 /* SceneDelegate.swift */; };
		CC0B4AA423D9E2EF00C55B18 /* ContentView.swift in Sources */ = {isa = PBXBuildFile; fileRef = CC0B4AA323D9E2EF00C55B18 /* ContentView.swift */; };
		CC0B4AA623D9E2F400C55B18 /* Assets.xcassets in Resources */ = {isa = PBXBuildFile; fileRef = CC0B4AA523D9E2F400C55B18 /* Assets.xcassets */; };
		CC0B4AA923D9E2F400C55B18 /* Preview Assets.xcassets in Resources */ = {isa = PBXBuildFile; fileRef = CC0B4AA823D9E2F400C55B18 /* Preview Assets.xcassets */; };
		CC0B4AAC23D9E2F400C55B18 /* LaunchScreen.storyboard in Resources */ = {isa = PBXBuildFile; fileRef = CC0B4AAA23D9E2F400C55B18 /* LaunchScreen.storyboard */; };
		CC22D39223D9F84C001A2126 /* naruto.png in Resources */ = {isa = PBXBuildFile; fileRef = CC22D39123D9F84C001A2126 /* naruto.png */; };
/* End PBXBuildFile section */

/* Begin PBXFileReference section */
		CC0B4A9C23D9E2EF00C55B18 /* FirstAppSwiftUi.app */ = {isa = PBXFileReference; explicitFileType = wrapper.application; includeInIndex = 0; path = FirstAppSwiftUi.app; sourceTree = BUILT_PRODUCTS_DIR; };
		CC0B4A9F23D9E2EF00C55B18 /* AppDelegate.swift */ = {isa = PBXFileReference; lastKnownFileType = sourcecode.swift; path = AppDelegate.swift; sourceTree = "<group>"; };
		CC0B4AA123D9E2EF00C55B18 /* SceneDelegate.swift */ = {isa = PBXFileReference; lastKnownFileType = sourcecode.swift; path = SceneDelegate.swift; sourceTree = "<group>"; };
		CC0B4AA323D9E2EF00C55B18 /* ContentView.swift */ = {isa = PBXFileReference; lastKnownFileType = sourcecode.swift; path = ContentView.swift; sourceTree = "<group>"; };
		CC0B4AA523D9E2F400C55B18 /* Assets.xcassets */ = {isa = PBXFileReference; lastKnownFileType = folder.assetcatalog; path = Assets.xcassets; sourceTree = "<group>"; };
		CC0B4AA823D9E2F400C55B18 /* Preview Assets.xcassets */ = {isa = PBXFileReference; lastKnownFileType = folder.assetcatalog; path = "Preview Assets.xcassets"; sourceTree = "<group>"; };
		CC0B4AAB23D9E2F400C55B18 /* Base */ = {isa = PBXFileReference; lastKnownFileType = file.storyboard; name = Base; path = Base.lproj/LaunchScreen.storyboard; sourceTree = "<group>"; };
		CC0B4AAD23D9E2F400C55B18 /* Info.plist */ = {isa = PBXFileReference; lastKnownFileType = text.plist.xml; path = Info.plist; sourceTree = "<group>"; };
		CC22D39123D9F84C001A2126 /* naruto.png */ = {isa = PBXFileReference; lastKnownFileType = image.png; name = naruto.png; path = ../../../../Downloads/naruto.png; sourceTree = "<group>"; };
/* End PBXFileReference section */

/* Begin PBXFrameworksBuildPhase section */
		CC0B4A9923D9E2EF00C55B18 /* Frameworks */ = {
			isa = PBXFrameworksBuildPhase;
			buildActionMask = 2147483647;
			files = (
			);
			runOnlyForDeploymentPostprocessing = 0;
		};
/* End PBXFrameworksBuildPhase section */

/* Begin PBXGroup section */
		CC0B4A9323D9E2EF00C55B18 = {
			isa = PBXGroup;
			children = (
				CC0B4A9E23D9E2EF00C55B18 /* FirstAppSwiftUi */,
				CC0B4A9D23D9E2EF00C55B18 /* Products */,
			);
			sourceTree = "<group>";
		};
		CC0B4A9D23D9E2EF00C55B18 /* Products */ = {
			isa = PBXGroup;
			children = (
				CC0B4A9C23D9E2EF00C55B18 /* FirstAppSwiftUi.app */,
			);
			name = Products;
			sourceTree = "<group>";
		};
		CC0B4A9E23D9E2EF00C55B18 /* FirstAppSwiftUi */ = {
			isa = PBXGroup;
			children = (
				CC0B4A9F23D9E2EF00C55B18 /* AppDelegate.swift */,
				CC0B4AA123D9E2EF00C55B18 /* SceneDelegate.swift */,
				CC0B4AA323D9E2EF00C55B18 /* ContentView.swift */,
				CC0B4AA523D9E2F400C55B18 /* Assets.xcassets */,
				CC22D39123D9F84C001A2126 /* naruto.png */,
				CC0B4AAA23D9E2F400C55B18 /* LaunchScreen.storyboard */,
				CC0B4AAD23D9E2F400C55B18 /* Info.plist */,
				CC0B4AA723D9E2F400C55B18 /* Preview Content */,
			);
			path = FirstAppSwiftUi;
			sourceTree = "<group>";
		};
		CC0B4AA723D9E2F400C55B18 /* Preview Content */ = {
			isa = PBXGroup;
			children = (
				CC0B4AA823D9E2F400C55B18 /* Preview Assets.xcassets */,
			);
			path = "Preview Content";
			sourceTree = "<group>";
		};
/* End PBXGroup section */

/* Begin PBXNativeTarget section */
		CC0B4A9B23D9E2EF00C55B18 /* FirstAppSwiftUi */ = {
			isa = PBXNativeTarget;
			buildConfigurationList = CC0B4AB023D9E2F400C55B18 /* Build configuration list for PBXNativeTarget "FirstAppSwiftUi" */;
			buildPhases = (
				CC0B4A9823D9E2EF00C55B18 /* Sources */,
				CC0B4A9923D9E2EF00C55B18 /* Frameworks */,
				CC0B4A9A23D9E2EF00C55B18 /* Resources */,
			);
			buildRules = (
			);
			dependencies = (
			);
			name = FirstAppSwiftUi;
			productName = FirstAppSwiftUi;
			productReference = CC0B4A9C23D9E2EF00C55B18 /* FirstAppSwiftUi.app */;
			productType = "com.apple.product-type.application";
		};
/* End PBXNativeTarget section */

/* Begin PBXProject section */
		CC0B4A9423D9E2EF00C55B18 /* Project object */ = {
			isa = PBXProject;
			attributes = {
				LastSwiftUpdateCheck = 1130;
				LastUpgradeCheck = 1130;
				ORGANIZATIONNAME = "Audrey Detsaboun";
				TargetAttributes = {
					CC0B4A9B23D9E2EF00C55B18 = {
						CreatedOnToolsVersion = 11.3.1;
					};
				};
			};
			buildConfigurationList = CC0B4A9723D9E2EF00C55B18 /* Build configuration list for PBXProject "FirstAppSwiftUi" */;
			compatibilityVersion = "Xcode 9.3";
			developmentRegion = en;
			hasScannedForEncodings = 0;
			knownRegions = (
				en,
				Base,
			);
			mainGroup = CC0B4A9323D9E2EF00C55B18;
			productRefGroup = CC0B4A9D23D9E2EF00C55B18 /* Products */;
			projectDirPath = "";
			projectRoot = "";
			targets = (
				CC0B4A9B23D9E2EF00C55B18 /* FirstAppSwiftUi */,
			);
		};
/* End PBXProject section */

/* Begin PBXResourcesBuildPhase section */
		CC0B4A9A23D9E2EF00C55B18 /* Resources */ = {
			isa = PBXResourcesBuildPhase;
			buildActionMask = 2147483647;
			files = (
				CC0B4AAC23D9E2F400C55B18 /* LaunchScreen.storyboard in Resources */,
				CC0B4AA923D9E2F400C55B18 /* Preview Assets.xcassets in Resources */,
				CC0B4AA623D9E2F400C55B18 /* Assets.xcassets in Resources */,
				CC22D39223D9F84C001A2126 /* naruto.png in Resources */,
			);
			runOnlyForDeploymentPostprocessing = 0;
		};
/* End PBXResourcesBuildPhase section */

/* Begin PBXSourcesBuildPhase section */
		CC0B4A9823D9E2EF00C55B18 /* Sources */ = {
			isa = PBXSourcesBuildPhase;
			buildActionMask = 2147483647;
			files = (
				CC0B4AA023D9E2EF00C55B18 /* AppDelegate.swift in Sources */,
				CC0B4AA223D9E2EF00C55B18 /* SceneDelegate.swift in Sources */,
				CC0B4AA423D9E2EF00C55B18 /* ContentView.swift in Sources */,
			);
			runOnlyForDeploymentPostprocessing = 0;
		};
/* End PBXSourcesBuildPhase section */

/* Begin PBXVariantGroup section */
		CC0B4AAA23D9E2F400C55B18 /* LaunchScreen.storyboard */ = {
			isa = PBXVariantGroup;
			children = (
				CC0B4AAB23D9E2F400C55B18 /* Base */,
			);
			name = LaunchScreen.storyboard;
			sourceTree = "<group>";
		};
/* End PBXVariantGroup section */

/* Begin XCBuildConfiguration section */
		CC0B4AAE23D9E2F400C55B18 /* Debug */ = {
			isa = XCBuildConfiguration;
			buildSettings = {
				ALWAYS_SEARCH_USER_PATHS = NO;
				CLANG_ANALYZER_NONNULL = YES;
				CLANG_ANALYZER_NUMBER_OBJECT_CONVERSION = YES_AGGRESSIVE;
				CLANG_CXX_LANGUAGE_STANDARD = "gnu++14";
				CLANG_CXX_LIBRARY = "libc++";
				CLANG_ENABLE_MODULES = YES;
				CLANG_ENABLE_OBJC_ARC = YES;
				CLANG_ENABLE_OBJC_WEAK = YES;
				CLANG_WARN_BLOCK_CAPTURE_AUTORELEASING = YES;
				CLANG_WARN_BOOL_CONVERSION = YES;
				CLANG_WARN_COMMA = YES;
				CLANG_WARN_CONSTANT_CONVERSION = YES;
				CLANG_WARN_DEPRECATED_OBJC_IMPLEMENTATIONS = YES;
				CLANG_WARN_DIRECT_OBJC_ISA_USAGE = YES_ERROR;
				CLANG_WARN_DOCUMENTATION_COMMENTS = YES;
				CLANG_WARN_EMPTY_BODY = YES;
				CLANG_WARN_ENUM_CONVERSION = YES;
				CLANG_WARN_INFINITE_RECURSION = YES;
				CLANG_WARN_INT_CONVERSION = YES;
				CLANG_WARN_NON_LITERAL_NULL_CONVERSION = YES;
				CLANG_WARN_OBJC_IMPLICIT_RETAIN_SELF = YES;
				CLANG_WARN_OBJC_LITERAL_CONVERSION = YES;
				CLANG_WARN_OBJC_ROOT_CLASS = YES_ERROR;
				CLANG_WARN_RANGE_LOOP_ANALYSIS = YES;
				CLANG_WARN_STRICT_PROTOTYPES = YES;
				CLANG_WARN_SUSPICIOUS_MOVE = YES;
				CLANG_WARN_UNGUARDED_AVAILABILITY = YES_AGGRESSIVE;
				CLANG_WARN_UNREACHABLE_CODE = YES;
				CLANG_WARN__DUPLICATE_METHOD_MATCH = YES;
				COPY_PHASE_STRIP = NO;
				DEBUG_INFORMATION_FORMAT = dwarf;
				ENABLE_STRICT_OBJC_MSGSEND = YES;
				ENABLE_TESTABILITY = YES;
				GCC_C_LANGUAGE_STANDARD = gnu11;
				GCC_DYNAMIC_NO_PIC = NO;
				GCC_NO_COMMON_BLOCKS = YES;
				GCC_OPTIMIZATION_LEVEL = 0;
				GCC_PREPROCESSOR_DEFINITIONS = (
					"DEBUG=1",
					"$(inherited)",
				);
				GCC_WARN_64_TO_32_BIT_CONVERSION = YES;
				GCC_WARN_ABOUT_RETURN_TYPE = YES_ERROR;
				GCC_WARN_UNDECLARED_SELECTOR = YES;
				GCC_WARN_UNINITIALIZED_AUTOS = YES_AGGRESSIVE;
				GCC_WARN_UNUSED_FUNCTION = YES;
				GCC_WARN_UNUSED_VARIABLE = YES;
				IPHONEOS_DEPLOYMENT_TARGET = 13.2;
				MTL_ENABLE_DEBUG_INFO = INCLUDE_SOURCE;
				MTL_FAST_MATH = YES;
				ONLY_ACTIVE_ARCH = YES;
				SDKROOT = iphoneos;
				SWIFT_ACTIVE_COMPILATION_CONDITIONS = DEBUG;
				SWIFT_OPTIMIZATION_LEVEL = "-Onone";
			};
			name = Debug;
		};
		CC0B4AAF23D9E2F400C55B18 /* Release */ = {
			isa = XCBuildConfiguration;
			buildSettings = {
				ALWAYS_SEARCH_USER_PATHS = NO;
				CLANG_ANALYZER_NONNULL = YES;
				CLANG_ANALYZER_NUMBER_OBJECT_CONVERSION = YES_AGGRESSIVE;
				CLANG_CXX_LANGUAGE_STANDARD = "gnu++14";
				CLANG_CXX_LIBRARY = "libc++";
				CLANG_ENABLE_MODULES = YES;
				CLANG_ENABLE_OBJC_ARC = YES;
				CLANG_ENABLE_OBJC_WEAK = YES;
				CLANG_WARN_BLOCK_CAPTURE_AUTORELEASING = YES;
				CLANG_WARN_BOOL_CONVERSION = YES;
				CLANG_WARN_COMMA = YES;
				CLANG_WARN_CONSTANT_CONVERSION = YES;
				CLANG_WARN_DEPRECATED_OBJC_IMPLEMENTATIONS = YES;
				CLANG_WARN_DIRECT_OBJC_ISA_USAGE = YES_ERROR;
				CLANG_WARN_DOCUMENTATION_COMMENTS = YES;
				CLANG_WARN_EMPTY_BODY = YES;
				CLANG_WARN_ENUM_CONVERSION = YES;
				CLANG_WARN_INFINITE_RECURSION = YES;
				CLANG_WARN_INT_CONVERSION = YES;
				CLANG_WARN_NON_LITERAL_NULL_CONVERSION = YES;
				CLANG_WARN_OBJC_IMPLICIT_RETAIN_SELF = YES;
				CLANG_WARN_OBJC_LITERAL_CONVERSION = YES;
				CLANG_WARN_OBJC_ROOT_CLASS = YES_ERROR;
				CLANG_WARN_RANGE_LOOP_ANALYSIS = YES;
				CLANG_WARN_STRICT_PROTOTYPES = YES;
				CLANG_WARN_SUSPICIOUS_MOVE = YES;
				CLANG_WARN_UNGUARDED_AVAILABILITY = YES_AGGRESSIVE;
				CLANG_WARN_UNREACHABLE_CODE = YES;
				CLANG_WARN__DUPLICATE_METHOD_MATCH = YES;
				COPY_PHASE_STRIP = NO;
				DEBUG_INFORMATION_FORMAT = "dwarf-with-dsym";
				ENABLE_NS_ASSERTIONS = NO;
				ENABLE_STRICT_OBJC_MSGSEND = YES;
				GCC_C_LANGUAGE_STANDARD = gnu11;
				GCC_NO_COMMON_BLOCKS = YES;
				GCC_WARN_64_TO_32_BIT_CONVERSION = YES;
				GCC_WARN_ABOUT_RETURN_TYPE = YES_ERROR;
				GCC_WARN_UNDECLARED_SELECTOR = YES;
				GCC_WARN_UNINITIALIZED_AUTOS = YES_AGGRESSIVE;
				GCC_WARN_UNUSED_FUNCTION = YES;
				GCC_WARN_UNUSED_VARIABLE = YES;
				IPHONEOS_DEPLOYMENT_TARGET = 13.2;
				MTL_ENABLE_DEBUG_INFO = NO;
				MTL_FAST_MATH = YES;
				SDKROOT = iphoneos;
				SWIFT_COMPILATION_MODE = wholemodule;
				SWIFT_OPTIMIZATION_LEVEL = "-O";
				VALIDATE_PRODUCT = YES;
			};
			name = Release;
		};
		CC0B4AB123D9E2F400C55B18 /* Debug */ = {
			isa = XCBuildConfiguration;
			buildSettings = {
				ASSETCATALOG_COMPILER_APPICON_NAME = AppIcon;
				CODE_SIGN_STYLE = Automatic;
				DEVELOPMENT_ASSET_PATHS = "\"FirstAppSwiftUi/Preview Content\"";
				ENABLE_PREVIEWS = YES;
				INFOPLIST_FILE = FirstAppSwiftUi/Info.plist;
				LD_RUNPATH_SEARCH_PATHS = (
					"$(inherited)",
					"@executable_path/Frameworks",
				);
				PRODUCT_BUNDLE_IDENTIFIER = com.audreydetsaboun.FirstAppSwiftUi;
				PRODUCT_NAME = "$(TARGET_NAME)";
				SWIFT_VERSION = 5.0;
				TARGETED_DEVICE_FAMILY = "1,2";
			};
			name = Debug;
		};
		CC0B4AB223D9E2F400C55B18 /* Release */ = {
			isa = XCBuildConfiguration;
			buildSettings = {
				ASSETCATALOG_COMPILER_APPICON_NAME = AppIcon;
				CODE_SIGN_STYLE = Automatic;
				DEVELOPMENT_ASSET_PATHS = "\"FirstAppSwiftUi/Preview Content\"";
				ENABLE_PREVIEWS = YES;
				INFOPLIST_FILE = FirstAppSwiftUi/Info.plist;
				LD_RUNPATH_SEARCH_PATHS = (
					"$(inherited)",
					"@executable_path/Frameworks",
				);
				PRODUCT_BUNDLE_IDENTIFIER = com.audreydetsaboun.FirstAppSwiftUi;
				PRODUCT_NAME = "$(TARGET_NAME)";
				SWIFT_VERSION = 5.0;
				TARGETED_DEVICE_FAMILY = "1,2";
			};
			name = Release;
		};
/* End XCBuildConfiguration section */

/* Begin XCConfigurationList section */
		CC0B4A9723D9E2EF00C55B18 /* Build configuration list for PBXProject "FirstAppSwiftUi" */ = {
			isa = XCConfigurationList;
			buildConfigurations = (
				CC0B4AAE23D9E2F400C55B18 /* Debug */,
				CC0B4AAF23D9E2F400C55B18 /* Release */,
			);
			defaultConfigurationIsVisible = 0;
			defaultConfigurationName = Release;
		};
		CC0B4AB023D9E2F400C55B18 /* Build configuration list for PBXNativeTarget "FirstAppSwiftUi" */ = {
			isa = XCConfigurationList;
			buildConfigurations = (
				CC0B4AB123D9E2F400C55B18 /* Debug */,
				CC0B4AB223D9E2F400C55B18 /* Release */,
			);
			defaultConfigurationIsVisible = 0;
			defaultConfigurationName = Release;
		};
/* End XCConfigurationList section */
	};
	rootObject = CC0B4A9423D9E2EF00C55B18 /* Project object */;
}
